
Microsoft Visual Studio Solution File, Format Version 12.00
# Visual Studio 15
VisualStudioVersion = 15.0.28307.489
MinimumVisualStudioVersion = 10.0.40219.1
Project("{FAE04EC0-301F-11D3-BF4B-00C04F79EFBC}") = "Server", "Server\Server.csproj", "{445034A4-FA6B-479B-8666-3B872703D5CE}"
EndProject
Global
	GlobalSection(SolutionConfigurationPlatforms) = preSolution
		Debug|Any CPU = Debug|Any CPU
		Release|Any CPU = Release|Any CPU
	EndGlobalSection
	GlobalSection(ProjectConfigurationPlatforms) = postSolution
		{445034A4-FA6B-479B-8666-3B872703D5CE}.Debug|Any CPU.ActiveCfg = Debug|Any CPU
		{445034A4-FA6B-479B-8666-3B872703D5CE}.Debug|Any CPU.Build.0 = Debug|Any CPU
		{445034A4-FA6B-479B-8666-3B872703D5CE}.Release|Any CPU.ActiveCfg = Release|Any CPU
		{445034A4-FA6B-479B-8666-3B872703D5CE}.Release|Any CPU.Build.0 = Release|Any CPU
	EndGlobalSection
	GlobalSection(SolutionProperties) = preSolution
		HideSolutionNode = FALSE
	EndGlobalSection
	GlobalSection(ExtensibilityGlobals) = postSolution
		SolutionGuid = {2242FC9B-2ECD-4370-912C-94939C7B5296}
	EndGlobalSection
EndGlobal
